
Microsoft Visual Studio Solution File, Format Version 12.00
# Visual Studio Version 16
VisualStudioVersion = 16.0.31321.278
MinimumVisualStudioVersion = 10.0.40219.1
Project("{FAE04EC0-301F-11D3-BF4B-00C04F79EFBC}") = "WebApplication121", "WebApplication121\WebApplication121.csproj", "{7D89305B-6932-437D-AF40-537C0D2C19D3}"
EndProject
Global
	GlobalSection(SolutionConfigurationPlatforms) = preSolution
		Debug|Any CPU = Debug|Any CPU
		Release|Any CPU = Release|Any CPU
	EndGlobalSection
	GlobalSection(ProjectConfigurationPlatforms) = postSolution
		{7D89305B-6932-437D-AF40-537C0D2C19D3}.Debug|Any CPU.ActiveCfg = Debug|Any CPU
		{7D89305B-6932-437D-AF40-537C0D2C19D3}.Debug|Any CPU.Build.0 = Debug|Any CPU
		{7D89305B-6932-437D-AF40-537C0D2C19D3}.Release|Any CPU.ActiveCfg = Release|Any CPU
		{7D89305B-6932-437D-AF40-537C0D2C19D3}.Release|Any CPU.Build.0 = Release|Any CPU
	EndGlobalSection
	GlobalSection(SolutionProperties) = preSolution
		HideSolutionNode = FALSE
	EndGlobalSection
	GlobalSection(ExtensibilityGlobals) = postSolution
		SolutionGuid = {58FFF6B0-DDD8-4FFA-AF64-37D3C63D123F}
	EndGlobalSection
EndGlobal
